
Microsoft Visual Studio Solution File, Format Version 12.00
# Visual Studio 14
VisualStudioVersion = 14.0.25420.1
MinimumVisualStudioVersion = 10.0.40219.1
Project("{FAE04EC0-301F-11D3-BF4B-00C04F79EFBC}") = "FormUI", "FormUI\FormUI.csproj", "{9EDD9270-2239-439B-933A-C70DA2659C05}"
EndProject
Project("{FAE04EC0-301F-11D3-BF4B-00C04F79EFBC}") = "FormUI.Tests", "FormUI.Tests\FormUI.Tests.csproj", "{22528CD6-C72A-462C-9299-61D202094757}"
EndProject
Project("{2150E333-8FDC-42A3-9474-1A3956D46DE8}") = "Items", "Items", "{7D2DD607-E9E9-4541-BD2D-90FD4EB464A6}"
	ProjectSection(SolutionItems) = preProject
		SgAlpha2.proj = SgAlpha2.proj
	EndProjectSection
EndProject
Project("{2150E333-8FDC-42A3-9474-1A3956D46DE8}") = "Build", "Build", "{8DF9BD53-F6CE-4992-91D5-AAE75E7F21CA}"
	ProjectSection(SolutionItems) = preProject
		MsBuild\Common.targets = MsBuild\Common.targets
	EndProjectSection
EndProject
Global
	GlobalSection(SolutionConfigurationPlatforms) = preSolution
		Debug|Any CPU = Debug|Any CPU
		Release|Any CPU = Release|Any CPU
	EndGlobalSection
	GlobalSection(ProjectConfigurationPlatforms) = postSolution
		{9EDD9270-2239-439B-933A-C70DA2659C05}.Debug|Any CPU.ActiveCfg = Debug|Any CPU
		{9EDD9270-2239-439B-933A-C70DA2659C05}.Debug|Any CPU.Build.0 = Debug|Any CPU
		{9EDD9270-2239-439B-933A-C70DA2659C05}.Release|Any CPU.ActiveCfg = Release|Any CPU
		{9EDD9270-2239-439B-933A-C70DA2659C05}.Release|Any CPU.Build.0 = Release|Any CPU
		{22528CD6-C72A-462C-9299-61D202094757}.Debug|Any CPU.ActiveCfg = Debug|Any CPU
		{22528CD6-C72A-462C-9299-61D202094757}.Debug|Any CPU.Build.0 = Debug|Any CPU
		{22528CD6-C72A-462C-9299-61D202094757}.Release|Any CPU.ActiveCfg = Release|Any CPU
		{22528CD6-C72A-462C-9299-61D202094757}.Release|Any CPU.Build.0 = Release|Any CPU
	EndGlobalSection
	GlobalSection(SolutionProperties) = preSolution
		HideSolutionNode = FALSE
	EndGlobalSection
	GlobalSection(NestedProjects) = preSolution
		{8DF9BD53-F6CE-4992-91D5-AAE75E7F21CA} = {7D2DD607-E9E9-4541-BD2D-90FD4EB464A6}
	EndGlobalSection
EndGlobal
